
Microsoft Visual Studio Solution File, Format Version 12.00
# Visual Studio Version 17
VisualStudioVersion = 17.8.34309.116
MinimumVisualStudioVersion = 10.0.40219.1
Project("{9A19103F-16F7-4668-BE54-9A1E7A4F7556}") = "SocketProject.Api", "SocketProject.Api\SocketProject.Api.csproj", "{76668590-839B-498F-A8C0-39FB5CB8FE7F}"
EndProject
Project("{9A19103F-16F7-4668-BE54-9A1E7A4F7556}") = "DevExpress.SocketUI", "DevExpress.SocketUI\DevExpress.SocketUI.csproj", "{96A447D3-201F-4DFF-8FBB-4CF7A272C85A}"
EndProject
Project("{9A19103F-16F7-4668-BE54-9A1E7A4F7556}") = "SocketProject.Model", "SocketProject.Model\SocketProject.Model.csproj", "{AFE41172-8479-4E87-90B0-2FDD14B874DC}"
EndProject
Project("{FAE04EC0-301F-11D3-BF4B-00C04F79EFBC}") = "SocketProject.DataAccess", "SocketProject.DataAccess\SocketProject.DataAccess.csproj", "{B793BE51-76F5-451F-925F-EA57AF6E3095}"
EndProject
Project("{FAE04EC0-301F-11D3-BF4B-00C04F79EFBC}") = "SocketProject.Business", "SocketProject.Business\SocketProject.Business.csproj", "{B064B1E8-2A59-4EFC-AA07-6D9233264634}"
EndProject
Project("{9A19103F-16F7-4668-BE54-9A1E7A4F7556}") = "Infrastructure", "..\Infrastructure\Infrastructure.csproj", "{71299325-E0B3-4191-BB88-E4340C952949}"
EndProject
Global
	GlobalSection(SolutionConfigurationPlatforms) = preSolution
		Debug|Any CPU = Debug|Any CPU
		Release|Any CPU = Release|Any CPU
	EndGlobalSection
	GlobalSection(ProjectConfigurationPlatforms) = postSolution
		{76668590-839B-498F-A8C0-39FB5CB8FE7F}.Debug|Any CPU.ActiveCfg = Debug|Any CPU
		{76668590-839B-498F-A8C0-39FB5CB8FE7F}.Debug|Any CPU.Build.0 = Debug|Any CPU
		{76668590-839B-498F-A8C0-39FB5CB8FE7F}.Release|Any CPU.ActiveCfg = Release|Any CPU
		{76668590-839B-498F-A8C0-39FB5CB8FE7F}.Release|Any CPU.Build.0 = Release|Any CPU
		{96A447D3-201F-4DFF-8FBB-4CF7A272C85A}.Debug|Any CPU.ActiveCfg = Debug|Any CPU
		{96A447D3-201F-4DFF-8FBB-4CF7A272C85A}.Debug|Any CPU.Build.0 = Debug|Any CPU
		{96A447D3-201F-4DFF-8FBB-4CF7A272C85A}.Release|Any CPU.ActiveCfg = Release|Any CPU
		{96A447D3-201F-4DFF-8FBB-4CF7A272C85A}.Release|Any CPU.Build.0 = Release|Any CPU
		{AFE41172-8479-4E87-90B0-2FDD14B874DC}.Debug|Any CPU.ActiveCfg = Debug|Any CPU
		{AFE41172-8479-4E87-90B0-2FDD14B874DC}.Debug|Any CPU.Build.0 = Debug|Any CPU
		{AFE41172-8479-4E87-90B0-2FDD14B874DC}.Release|Any CPU.ActiveCfg = Release|Any CPU
		{AFE41172-8479-4E87-90B0-2FDD14B874DC}.Release|Any CPU.Build.0 = Release|Any CPU
		{B793BE51-76F5-451F-925F-EA57AF6E3095}.Debug|Any CPU.ActiveCfg = Debug|Any CPU
		{B793BE51-76F5-451F-925F-EA57AF6E3095}.Debug|Any CPU.Build.0 = Debug|Any CPU
		{B793BE51-76F5-451F-925F-EA57AF6E3095}.Release|Any CPU.ActiveCfg = Release|Any CPU
		{B793BE51-76F5-451F-925F-EA57AF6E3095}.Release|Any CPU.Build.0 = Release|Any CPU
		{B064B1E8-2A59-4EFC-AA07-6D9233264634}.Debug|Any CPU.ActiveCfg = Debug|Any CPU
		{B064B1E8-2A59-4EFC-AA07-6D9233264634}.Debug|Any CPU.Build.0 = Debug|Any CPU
		{B064B1E8-2A59-4EFC-AA07-6D9233264634}.Release|Any CPU.ActiveCfg = Release|Any CPU
		{B064B1E8-2A59-4EFC-AA07-6D9233264634}.Release|Any CPU.Build.0 = Release|Any CPU
		{71299325-E0B3-4191-BB88-E4340C952949}.Debug|Any CPU.ActiveCfg = Debug|Any CPU
		{71299325-E0B3-4191-BB88-E4340C952949}.Debug|Any CPU.Build.0 = Debug|Any CPU
		{71299325-E0B3-4191-BB88-E4340C952949}.Release|Any CPU.ActiveCfg = Release|Any CPU
		{71299325-E0B3-4191-BB88-E4340C952949}.Release|Any CPU.Build.0 = Release|Any CPU
	EndGlobalSection
	GlobalSection(SolutionProperties) = preSolution
		HideSolutionNode = FALSE
	EndGlobalSection
	GlobalSection(ExtensibilityGlobals) = postSolution
		SolutionGuid = {E65C8435-42D1-44CF-BF3E-A6EA01EFEF4B}
	EndGlobalSection
EndGlobal
