
Microsoft Visual Studio Solution File, Format Version 12.00
# Visual Studio Version 17
VisualStudioVersion = 17.8.34309.116
MinimumVisualStudioVersion = 10.0.40219.1
Project("{9A19103F-16F7-4668-BE54-9A1E7A4F7556}") = "SocketProject.Api", "SocketProject.Api\SocketProject.Api.csproj", "{76668590-839B-498F-A8C0-39FB5CB8FE7F}"
EndProject
Project("{9A19103F-16F7-4668-BE54-9A1E7A4F7556}") = "DevExpress.SocketUI", "DevExpress.SocketUI\DevExpress.SocketUI.csproj", "{96A447D3-201F-4DFF-8FBB-4CF7A272C85A}"
EndProject
Global
	GlobalSection(SolutionConfigurationPlatforms) = preSolution
		Debug|Any CPU = Debug|Any CPU
		Release|Any CPU = Release|Any CPU
	EndGlobalSection
	GlobalSection(ProjectConfigurationPlatforms) = postSolution
		{76668590-839B-498F-A8C0-39FB5CB8FE7F}.Debug|Any CPU.ActiveCfg = Debug|Any CPU
		{76668590-839B-498F-A8C0-39FB5CB8FE7F}.Debug|Any CPU.Build.0 = Debug|Any CPU
		{76668590-839B-498F-A8C0-39FB5CB8FE7F}.Release|Any CPU.ActiveCfg = Release|Any CPU
		{76668590-839B-498F-A8C0-39FB5CB8FE7F}.Release|Any CPU.Build.0 = Release|Any CPU
		{96A447D3-201F-4DFF-8FBB-4CF7A272C85A}.Debug|Any CPU.ActiveCfg = Debug|Any CPU
		{96A447D3-201F-4DFF-8FBB-4CF7A272C85A}.Debug|Any CPU.Build.0 = Debug|Any CPU
		{96A447D3-201F-4DFF-8FBB-4CF7A272C85A}.Release|Any CPU.ActiveCfg = Release|Any CPU
		{96A447D3-201F-4DFF-8FBB-4CF7A272C85A}.Release|Any CPU.Build.0 = Release|Any CPU
	EndGlobalSection
	GlobalSection(SolutionProperties) = preSolution
		HideSolutionNode = FALSE
	EndGlobalSection
	GlobalSection(ExtensibilityGlobals) = postSolution
		SolutionGuid = {E65C8435-42D1-44CF-BF3E-A6EA01EFEF4B}
	EndGlobalSection
EndGlobal
